// !$*UTF8*$!
{
	archiveVersion = 1;
	classes = {
	};
	objectVersion = 46;
	objects = {

/* Begin PBXBuildFile section */
		3BEFDF8F18ABEBB900118104 /* DeviceUtils.m in Sources */ = {isa = PBXBuildFile; fileRef = 3BEFDF8E18ABEBB900118104 /* DeviceUtils.m */; };
		3BEFDF9218ABEC9C00118104 /* ThirstProjectConfig.m in Sources */ = {isa = PBXBuildFile; fileRef = 3BEFDF9118ABEC9C00118104 /* ThirstProjectConfig.m */; };
		72A046D818C8D6E600013F72 /* thirst.jpg in Resources */ = {isa = PBXBuildFile; fileRef = 72A046D718C8D6E600013F72 /* thirst.jpg */; };
		72ADA73318C921BF00B1E25D /* CountryViewController.m in Sources */ = {isa = PBXBuildFile; fileRef = 72ADA73218C921BE00B1E25D /* CountryViewController.m */; };
		72ADA73618CA2BE700B1E25D /* CountryBuilder.m in Sources */ = {isa = PBXBuildFile; fileRef = 72ADA73518CA2BE700B1E25D /* CountryBuilder.m */; };
		72ADA73918CA315B00B1E25D /* WellsViewController.m in Sources */ = {isa = PBXBuildFile; fileRef = 72ADA73818CA315B00B1E25D /* WellsViewController.m */; };
		83079642176FFEFE00CC7478 /* FlipsideViewController.m in Sources */ = {isa = PBXBuildFile; fileRef = 8307963F176FFEFE00CC7478 /* FlipsideViewController.m */; };
		83079643176FFEFE00CC7478 /* DonateViewController.m in Sources */ = {isa = PBXBuildFile; fileRef = 83079641176FFEFE00CC7478 /* DonateViewController.m */; };
		833EEF3818C6C17900B627B8 /* JBKenBurnsView.m in Sources */ = {isa = PBXBuildFile; fileRef = 833EEF3618C6C17900B627B8 /* JBKenBurnsView.m */; };
		833EEF3918C6C17900B627B8 /* LICENSE in Resources */ = {isa = PBXBuildFile; fileRef = 833EEF3718C6C17900B627B8 /* LICENSE */; };
		833EEF4118C6CC8A00B627B8 /* KenBurnsAppDelegate.m in Sources */ = {isa = PBXBuildFile; fileRef = 833EEF3E18C6CC8A00B627B8 /* KenBurnsAppDelegate.m */; };
		833EEF4218C6CC8A00B627B8 /* SlideshowViewController.m in Sources */ = {isa = PBXBuildFile; fileRef = 833EEF4018C6CC8A00B627B8 /* SlideshowViewController.m */; };
		836025E518AC5FE100995E22 /* Country.m in Sources */ = {isa = PBXBuildFile; fileRef = 836025E418AC5FE100995E22 /* Country.m */; };
		836FC2D11826ECF400577614 /* Media.xcassets in Resources */ = {isa = PBXBuildFile; fileRef = 836FC2CC1826C88400577614 /* Media.xcassets */; };
		837D2CD0171CDA4500E8677E /* UIKit.framework in Frameworks */ = {isa = PBXBuildFile; fileRef = 837D2CCF171CDA4500E8677E /* UIKit.framework */; };
		837D2CD2171CDA4500E8677E /* Foundation.framework in Frameworks */ = {isa = PBXBuildFile; fileRef = 837D2CD1171CDA4500E8677E /* Foundation.framework */; };
		837D2CD4171CDA4500E8677E /* CoreGraphics.framework in Frameworks */ = {isa = PBXBuildFile; fileRef = 837D2CD3171CDA4500E8677E /* CoreGraphics.framework */; };
		837D2CDA171CDA4500E8677E /* InfoPlist.strings in Resources */ = {isa = PBXBuildFile; fileRef = 837D2CD8171CDA4500E8677E /* InfoPlist.strings */; };
		837D2CDC171CDA4500E8677E /* main.m in Sources */ = {isa = PBXBuildFile; fileRef = 837D2CDB171CDA4500E8677E /* main.m */; };
		837D2CE0171CDA4500E8677E /* AppDelegate.m in Sources */ = {isa = PBXBuildFile; fileRef = 837D2CDF171CDA4500E8677E /* AppDelegate.m */; };
		837D2CE9171CDA4500E8677E /* MainStoryboard_iPhone.storyboard in Resources */ = {isa = PBXBuildFile; fileRef = 837D2CE7171CDA4500E8677E /* MainStoryboard_iPhone.storyboard */; };
		837D2CEC171CDA4500E8677E /* MainStoryboard_iPad.storyboard in Resources */ = {isa = PBXBuildFile; fileRef = 837D2CEA171CDA4500E8677E /* MainStoryboard_iPad.storyboard */; };
		837D2CEF171CDA4500E8677E /* AboutViewController.m in Sources */ = {isa = PBXBuildFile; fileRef = 837D2CEE171CDA4500E8677E /* AboutViewController.m */; };
		837D2D02171CDA4500E8677E /* SenTestingKit.framework in Frameworks */ = {isa = PBXBuildFile; fileRef = 837D2D01171CDA4500E8677E /* SenTestingKit.framework */; };
		837D2D03171CDA4500E8677E /* UIKit.framework in Frameworks */ = {isa = PBXBuildFile; fileRef = 837D2CCF171CDA4500E8677E /* UIKit.framework */; };
		837D2D04171CDA4500E8677E /* Foundation.framework in Frameworks */ = {isa = PBXBuildFile; fileRef = 837D2CD1171CDA4500E8677E /* Foundation.framework */; };
		837D4B10171CDD1900E8677E /* AVFoundation.framework in Frameworks */ = {isa = PBXBuildFile; fileRef = 837D4B0F171CDD1900E8677E /* AVFoundation.framework */; };
		837D4B1B171CE22700E8677E /* AudioToolbox.framework in Frameworks */ = {isa = PBXBuildFile; fileRef = 837D4B11171CE22700E8677E /* AudioToolbox.framework */; };
		837D4B1C171CE22700E8677E /* CoreMedia.framework in Frameworks */ = {isa = PBXBuildFile; fileRef = 837D4B12171CE22700E8677E /* CoreMedia.framework */; };
		837D4B1D171CE22700E8677E /* CoreVideo.framework in Frameworks */ = {isa = PBXBuildFile; fileRef = 837D4B13171CE22700E8677E /* CoreVideo.framework */; };
		837D4B1E171CE22700E8677E /* libxml2.dylib in Frameworks */ = {isa = PBXBuildFile; fileRef = 837D4B14171CE22700E8677E /* libxml2.dylib */; };
		837D4B20171CE22700E8677E /* MessageUI.framework in Frameworks */ = {isa = PBXBuildFile; fileRef = 837D4B16171CE22700E8677E /* MessageUI.framework */; };
		837D4B21171CE22700E8677E /* MobileCoreServices.framework in Frameworks */ = {isa = PBXBuildFile; fileRef = 837D4B17171CE22700E8677E /* MobileCoreServices.framework */; };
		837D4B22171CE22700E8677E /* OpenGLES.framework in Frameworks */ = {isa = PBXBuildFile; fileRef = 837D4B18171CE22700E8677E /* OpenGLES.framework */; };
		837D4B23171CE22700E8677E /* QuartzCore.framework in Frameworks */ = {isa = PBXBuildFile; fileRef = 837D4B19171CE22700E8677E /* QuartzCore.framework */; };
		837D4B24171CE22700E8677E /* Security.framework in Frameworks */ = {isa = PBXBuildFile; fileRef = 837D4B1A171CE22700E8677E /* Security.framework */; };
		837FC03218503ECF00B7D327 /* libPayPalMobile.a in Frameworks */ = {isa = PBXBuildFile; fileRef = 837FC02E18503ECF00B7D327 /* libPayPalMobile.a */; };
		837FC03818503EFC00B7D327 /* Reachability.m in Sources */ = {isa = PBXBuildFile; fileRef = 837FC03718503EFC00B7D327 /* Reachability.m */; };
		83C36D40171CF88B0090F037 /* AddressBook.framework in Frameworks */ = {isa = PBXBuildFile; fileRef = 83C36D3F171CF88B0090F037 /* AddressBook.framework */; };
		83D840EB185180650035E05D /* InfoViewController.m in Sources */ = {isa = PBXBuildFile; fileRef = 83D840EA185180650035E05D /* InfoViewController.m */; };
		D540479517530E9D0056196E /* CoreData.framework in Frameworks */ = {isa = PBXBuildFile; fileRef = D540479417530E9D0056196E /* CoreData.framework */; };
		D540479717530EA50056196E /* CoreLocation.framework in Frameworks */ = {isa = PBXBuildFile; fileRef = D540479617530EA50056196E /* CoreLocation.framework */; };
		D540479917530EAF0056196E /* CoreText.framework in Frameworks */ = {isa = PBXBuildFile; fileRef = D540479817530EAF0056196E /* CoreText.framework */; };
		D540479B17530EBF0056196E /* GLKit.framework in Frameworks */ = {isa = PBXBuildFile; fileRef = D540479A17530EBF0056196E /* GLKit.framework */; };
		D540479D17530ED20056196E /* ImageIO.framework in Frameworks */ = {isa = PBXBuildFile; fileRef = D540479C17530ED20056196E /* ImageIO.framework */; };
		D540479F17530EF20056196E /* libc++.dylib in Frameworks */ = {isa = PBXBuildFile; fileRef = D540479E17530EF20056196E /* libc++.dylib */; };
		D54047A117530F050056196E /* libicucore.dylib in Frameworks */ = {isa = PBXBuildFile; fileRef = D54047A017530F050056196E /* libicucore.dylib */; };
		D54047A317530F190056196E /* libz.dylib in Frameworks */ = {isa = PBXBuildFile; fileRef = D54047A217530F190056196E /* libz.dylib */; };
		D54047A517530F8C0056196E /* SystemConfiguration.framework in Frameworks */ = {isa = PBXBuildFile; fileRef = D54047A417530F8C0056196E /* SystemConfiguration.framework */; };
/* End PBXBuildFile section */

/* Begin PBXContainerItemProxy section */
		837D2D05171CDA4500E8677E /* PBXContainerItemProxy */ = {
			isa = PBXContainerItemProxy;
			containerPortal = 837D2CC4171CDA4500E8677E /* Project object */;
			proxyType = 1;
			remoteGlobalIDString = 837D2CCB171CDA4500E8677E;
			remoteInfo = "Thirst Project";
		};
/* End PBXContainerItemProxy section */

/* Begin PBXFileReference section */
		3BEFDF8D18ABEBB900118104 /* DeviceUtils.h */ = {isa = PBXFileReference; fileEncoding = 4; lastKnownFileType = sourcecode.c.h; path = DeviceUtils.h; sourceTree = "<group>"; };
		3BEFDF8E18ABEBB900118104 /* DeviceUtils.m */ = {isa = PBXFileReference; fileEncoding = 4; lastKnownFileType = sourcecode.c.objc; path = DeviceUtils.m; sourceTree = "<group>"; };
		3BEFDF9018ABEC9C00118104 /* ThirstProjectConfig.h */ = {isa = PBXFileReference; fileEncoding = 4; lastKnownFileType = sourcecode.c.h; path = ThirstProjectConfig.h; sourceTree = "<group>"; };
		3BEFDF9118ABEC9C00118104 /* ThirstProjectConfig.m */ = {isa = PBXFileReference; fileEncoding = 4; lastKnownFileType = sourcecode.c.objc; path = ThirstProjectConfig.m; sourceTree = "<group>"; };
		72A046D718C8D6E600013F72 /* thirst.jpg */ = {isa = PBXFileReference; lastKnownFileType = image.jpeg; path = thirst.jpg; sourceTree = "<group>"; };
		72ADA73118C921BE00B1E25D /* CountryViewController.h */ = {isa = PBXFileReference; fileEncoding = 4; lastKnownFileType = sourcecode.c.h; path = CountryViewController.h; sourceTree = "<group>"; };
		72ADA73218C921BE00B1E25D /* CountryViewController.m */ = {isa = PBXFileReference; fileEncoding = 4; lastKnownFileType = sourcecode.c.objc; path = CountryViewController.m; sourceTree = "<group>"; };
		72ADA73418CA2BE700B1E25D /* CountryBuilder.h */ = {isa = PBXFileReference; fileEncoding = 4; lastKnownFileType = sourcecode.c.h; path = CountryBuilder.h; sourceTree = "<group>"; };
		72ADA73518CA2BE700B1E25D /* CountryBuilder.m */ = {isa = PBXFileReference; fileEncoding = 4; lastKnownFileType = sourcecode.c.objc; path = CountryBuilder.m; sourceTree = "<group>"; };
		72ADA73718CA315B00B1E25D /* WellsViewController.h */ = {isa = PBXFileReference; fileEncoding = 4; lastKnownFileType = sourcecode.c.h; path = WellsViewController.h; sourceTree = "<group>"; };
		72ADA73818CA315B00B1E25D /* WellsViewController.m */ = {isa = PBXFileReference; fileEncoding = 4; lastKnownFileType = sourcecode.c.objc; path = WellsViewController.m; sourceTree = "<group>"; };
		8307963E176FFEFE00CC7478 /* FlipsideViewController.h */ = {isa = PBXFileReference; fileEncoding = 4; lastKnownFileType = sourcecode.c.h; path = FlipsideViewController.h; sourceTree = "<group>"; };
		8307963F176FFEFE00CC7478 /* FlipsideViewController.m */ = {isa = PBXFileReference; fileEncoding = 4; lastKnownFileType = sourcecode.c.objc; path = FlipsideViewController.m; sourceTree = "<group>"; };
		83079640176FFEFE00CC7478 /* DonateViewController.h */ = {isa = PBXFileReference; fileEncoding = 4; lastKnownFileType = sourcecode.c.h; path = DonateViewController.h; sourceTree = "<group>"; };
		83079641176FFEFE00CC7478 /* DonateViewController.m */ = {isa = PBXFileReference; fileEncoding = 4; lastKnownFileType = sourcecode.c.objc; path = DonateViewController.m; sourceTree = "<group>"; };
		833EEF3518C6C17900B627B8 /* JBKenBurnsView.h */ = {isa = PBXFileReference; fileEncoding = 4; lastKnownFileType = sourcecode.c.h; path = JBKenBurnsView.h; sourceTree = "<group>"; };
		833EEF3618C6C17900B627B8 /* JBKenBurnsView.m */ = {isa = PBXFileReference; fileEncoding = 4; lastKnownFileType = sourcecode.c.objc; path = JBKenBurnsView.m; sourceTree = "<group>"; };
		833EEF3718C6C17900B627B8 /* LICENSE */ = {isa = PBXFileReference; fileEncoding = 4; lastKnownFileType = text; path = LICENSE; sourceTree = "<group>"; };
		833EEF3D18C6CC8A00B627B8 /* KenBurnsAppDelegate.h */ = {isa = PBXFileReference; fileEncoding = 4; lastKnownFileType = sourcecode.c.h; path = KenBurnsAppDelegate.h; sourceTree = "<group>"; };
		833EEF3E18C6CC8A00B627B8 /* KenBurnsAppDelegate.m */ = {isa = PBXFileReference; fileEncoding = 4; lastKnownFileType = sourcecode.c.objc; path = KenBurnsAppDelegate.m; sourceTree = "<group>"; };
		833EEF3F18C6CC8A00B627B8 /* SlideshowViewController.h */ = {isa = PBXFileReference; fileEncoding = 4; lastKnownFileType = sourcecode.c.h; path = SlideshowViewController.h; sourceTree = "<group>"; };
		833EEF4018C6CC8A00B627B8 /* SlideshowViewController.m */ = {isa = PBXFileReference; fileEncoding = 4; lastKnownFileType = sourcecode.c.objc; path = SlideshowViewController.m; sourceTree = "<group>"; };
		836025E318AC5FE100995E22 /* Country.h */ = {isa = PBXFileReference; fileEncoding = 4; lastKnownFileType = sourcecode.c.h; path = Country.h; sourceTree = "<group>"; };
		836025E418AC5FE100995E22 /* Country.m */ = {isa = PBXFileReference; fileEncoding = 4; lastKnownFileType = sourcecode.c.objc; path = Country.m; sourceTree = "<group>"; };
		836FC2CC1826C88400577614 /* Media.xcassets */ = {isa = PBXFileReference; lastKnownFileType = folder.assetcatalog; path = Media.xcassets; sourceTree = "<group>"; };
		837D2CCC171CDA4500E8677E /* Thirst Project.app */ = {isa = PBXFileReference; explicitFileType = wrapper.application; includeInIndex = 0; path = "Thirst Project.app"; sourceTree = BUILT_PRODUCTS_DIR; };
		837D2CCF171CDA4500E8677E /* UIKit.framework */ = {isa = PBXFileReference; lastKnownFileType = wrapper.framework; name = UIKit.framework; path = System/Library/Frameworks/UIKit.framework; sourceTree = SDKROOT; };
		837D2CD1171CDA4500E8677E /* Foundation.framework */ = {isa = PBXFileReference; lastKnownFileType = wrapper.framework; name = Foundation.framework; path = System/Library/Frameworks/Foundation.framework; sourceTree = SDKROOT; };
		837D2CD3171CDA4500E8677E /* CoreGraphics.framework */ = {isa = PBXFileReference; lastKnownFileType = wrapper.framework; name = CoreGraphics.framework; path = System/Library/Frameworks/CoreGraphics.framework; sourceTree = SDKROOT; };
		837D2CD7171CDA4500E8677E /* Thirst Project-Info.plist */ = {isa = PBXFileReference; lastKnownFileType = text.plist.xml; path = "Thirst Project-Info.plist"; sourceTree = "<group>"; };
		837D2CD9171CDA4500E8677E /* en */ = {isa = PBXFileReference; lastKnownFileType = text.plist.strings; name = en; path = en.lproj/InfoPlist.strings; sourceTree = "<group>"; };
		837D2CDB171CDA4500E8677E /* main.m */ = {isa = PBXFileReference; lastKnownFileType = sourcecode.c.objc; path = main.m; sourceTree = "<group>"; };
		837D2CDD171CDA4500E8677E /* Thirst Project-Prefix.pch */ = {isa = PBXFileReference; lastKnownFileType = sourcecode.c.h; path = "Thirst Project-Prefix.pch"; sourceTree = "<group>"; };
		837D2CDE171CDA4500E8677E /* AppDelegate.h */ = {isa = PBXFileReference; lastKnownFileType = sourcecode.c.h; path = AppDelegate.h; sourceTree = "<group>"; };
		837D2CDF171CDA4500E8677E /* AppDelegate.m */ = {isa = PBXFileReference; lastKnownFileType = sourcecode.c.objc; path = AppDelegate.m; sourceTree = "<group>"; };
		837D2CE8171CDA4500E8677E /* en */ = {isa = PBXFileReference; lastKnownFileType = file.storyboard; name = en; path = en.lproj/MainStoryboard_iPhone.storyboard; sourceTree = "<group>"; };
		837D2CEB171CDA4500E8677E /* en */ = {isa = PBXFileReference; lastKnownFileType = file.storyboard; name = en; path = en.lproj/MainStoryboard_iPad.storyboard; sourceTree = "<group>"; };
		837D2CED171CDA4500E8677E /* AboutViewController.h */ = {isa = PBXFileReference; lastKnownFileType = sourcecode.c.h; path = AboutViewController.h; sourceTree = "<group>"; };
		837D2CEE171CDA4500E8677E /* AboutViewController.m */ = {isa = PBXFileReference; lastKnownFileType = sourcecode.c.objc; path = AboutViewController.m; sourceTree = "<group>"; };
		837D2D00171CDA4500E8677E /* Thirst ProjectTests.octest */ = {isa = PBXFileReference; explicitFileType = wrapper.cfbundle; includeInIndex = 0; path = "Thirst ProjectTests.octest"; sourceTree = BUILT_PRODUCTS_DIR; };
		837D2D01171CDA4500E8677E /* SenTestingKit.framework */ = {isa = PBXFileReference; lastKnownFileType = wrapper.framework; name = SenTestingKit.framework; path = Library/Frameworks/SenTestingKit.framework; sourceTree = DEVELOPER_DIR; };
		837D4B0F171CDD1900E8677E /* AVFoundation.framework */ = {isa = PBXFileReference; lastKnownFileType = wrapper.framework; name = AVFoundation.framework; path = System/Library/Frameworks/AVFoundation.framework; sourceTree = SDKROOT; };
		837D4B11171CE22700E8677E /* AudioToolbox.framework */ = {isa = PBXFileReference; lastKnownFileType = wrapper.framework; name = AudioToolbox.framework; path = System/Library/Frameworks/AudioToolbox.framework; sourceTree = SDKROOT; };
		837D4B12171CE22700E8677E /* CoreMedia.framework */ = {isa = PBXFileReference; lastKnownFileType = wrapper.framework; name = CoreMedia.framework; path = System/Library/Frameworks/CoreMedia.framework; sourceTree = SDKROOT; };
		837D4B13171CE22700E8677E /* CoreVideo.framework */ = {isa = PBXFileReference; lastKnownFileType = wrapper.framework; name = CoreVideo.framework; path = System/Library/Frameworks/CoreVideo.framework; sourceTree = SDKROOT; };
		837D4B14171CE22700E8677E /* libxml2.dylib */ = {isa = PBXFileReference; lastKnownFileType = "compiled.mach-o.dylib"; name = libxml2.dylib; path = usr/lib/libxml2.dylib; sourceTree = SDKROOT; };
		837D4B16171CE22700E8677E /* MessageUI.framework */ = {isa = PBXFileReference; lastKnownFileType = wrapper.framework; name = MessageUI.framework; path = System/Library/Frameworks/MessageUI.framework; sourceTree = SDKROOT; };
		837D4B17171CE22700E8677E /* MobileCoreServices.framework */ = {isa = PBXFileReference; lastKnownFileType = wrapper.framework; name = MobileCoreServices.framework; path = System/Library/Frameworks/MobileCoreServices.framework; sourceTree = SDKROOT; };
		837D4B18171CE22700E8677E /* OpenGLES.framework */ = {isa = PBXFileReference; lastKnownFileType = wrapper.framework; name = OpenGLES.framework; path = System/Library/Frameworks/OpenGLES.framework; sourceTree = SDKROOT; };
		837D4B19171CE22700E8677E /* QuartzCore.framework */ = {isa = PBXFileReference; lastKnownFileType = wrapper.framework; name = QuartzCore.framework; path = System/Library/Frameworks/QuartzCore.framework; sourceTree = SDKROOT; };
		837D4B1A171CE22700E8677E /* Security.framework */ = {isa = PBXFileReference; lastKnownFileType = wrapper.framework; name = Security.framework; path = System/Library/Frameworks/Security.framework; sourceTree = SDKROOT; };
		837FC02E18503ECF00B7D327 /* libPayPalMobile.a */ = {isa = PBXFileReference; lastKnownFileType = archive.ar; name = libPayPalMobile.a; path = Libs/PayPalMobile/libPayPalMobile.a; sourceTree = "<group>"; };
		837FC02F18503ECF00B7D327 /* PayPalMobile.h */ = {isa = PBXFileReference; fileEncoding = 4; lastKnownFileType = sourcecode.c.h; name = PayPalMobile.h; path = Libs/PayPalMobile/PayPalMobile.h; sourceTree = "<group>"; };
		837FC03018503ECF00B7D327 /* PayPalPayment.h */ = {isa = PBXFileReference; fileEncoding = 4; lastKnownFileType = sourcecode.c.h; name = PayPalPayment.h; path = Libs/PayPalMobile/PayPalPayment.h; sourceTree = "<group>"; };
		837FC03118503ECF00B7D327 /* PayPalPaymentViewController.h */ = {isa = PBXFileReference; fileEncoding = 4; lastKnownFileType = sourcecode.c.h; name = PayPalPaymentViewController.h; path = Libs/PayPalMobile/PayPalPaymentViewController.h; sourceTree = "<group>"; };
		837FC03618503EFC00B7D327 /* Reachability.h */ = {isa = PBXFileReference; fileEncoding = 4; lastKnownFileType = sourcecode.c.h; name = Reachability.h; path = Libs/Reachability/Reachability.h; sourceTree = "<group>"; };
		837FC03718503EFC00B7D327 /* Reachability.m */ = {isa = PBXFileReference; fileEncoding = 4; lastKnownFileType = sourcecode.c.objc; name = Reachability.m; path = Libs/Reachability/Reachability.m; sourceTree = "<group>"; };
		83C36D3F171CF88B0090F037 /* AddressBook.framework */ = {isa = PBXFileReference; lastKnownFileType = wrapper.framework; name = AddressBook.framework; path = System/Library/Frameworks/AddressBook.framework; sourceTree = SDKROOT; };
		83D840E9185180650035E05D /* InfoViewController.h */ = {isa = PBXFileReference; fileEncoding = 4; lastKnownFileType = sourcecode.c.h; path = InfoViewController.h; sourceTree = "<group>"; };
		83D840EA185180650035E05D /* InfoViewController.m */ = {isa = PBXFileReference; fileEncoding = 4; lastKnownFileType = sourcecode.c.objc; path = InfoViewController.m; sourceTree = "<group>"; };
		D540479417530E9D0056196E /* CoreData.framework */ = {isa = PBXFileReference; lastKnownFileType = wrapper.framework; name = CoreData.framework; path = System/Library/Frameworks/CoreData.framework; sourceTree = SDKROOT; };
		D540479617530EA50056196E /* CoreLocation.framework */ = {isa = PBXFileReference; lastKnownFileType = wrapper.framework; name = CoreLocation.framework; path = System/Library/Frameworks/CoreLocation.framework; sourceTree = SDKROOT; };
		D540479817530EAF0056196E /* CoreText.framework */ = {isa = PBXFileReference; lastKnownFileType = wrapper.framework; name = CoreText.framework; path = System/Library/Frameworks/CoreText.framework; sourceTree = SDKROOT; };
		D540479A17530EBF0056196E /* GLKit.framework */ = {isa = PBXFileReference; lastKnownFileType = wrapper.framework; name = GLKit.framework; path = System/Library/Frameworks/GLKit.framework; sourceTree = SDKROOT; };
		D540479C17530ED20056196E /* ImageIO.framework */ = {isa = PBXFileReference; lastKnownFileType = wrapper.framework; name = ImageIO.framework; path = System/Library/Frameworks/ImageIO.framework; sourceTree = SDKROOT; };
		D540479E17530EF20056196E /* libc++.dylib */ = {isa = PBXFileReference; lastKnownFileType = "compiled.mach-o.dylib"; name = "libc++.dylib"; path = "usr/lib/libc++.dylib"; sourceTree = SDKROOT; };
		D54047A017530F050056196E /* libicucore.dylib */ = {isa = PBXFileReference; lastKnownFileType = "compiled.mach-o.dylib"; name = libicucore.dylib; path = usr/lib/libicucore.dylib; sourceTree = SDKROOT; };
		D54047A217530F190056196E /* libz.dylib */ = {isa = PBXFileReference; lastKnownFileType = "compiled.mach-o.dylib"; name = libz.dylib; path = usr/lib/libz.dylib; sourceTree = SDKROOT; };
		D54047A417530F8C0056196E /* SystemConfiguration.framework */ = {isa = PBXFileReference; lastKnownFileType = wrapper.framework; name = SystemConfiguration.framework; path = System/Library/Frameworks/SystemConfiguration.framework; sourceTree = SDKROOT; };
/* End PBXFileReference section */

/* Begin PBXFrameworksBuildPhase section */
		837D2CC9171CDA4500E8677E /* Frameworks */ = {
			isa = PBXFrameworksBuildPhase;
			buildActionMask = 2147483647;
			files = (
				837D4B20171CE22700E8677E /* MessageUI.framework in Frameworks */,
				D54047A517530F8C0056196E /* SystemConfiguration.framework in Frameworks */,
				837D4B23171CE22700E8677E /* QuartzCore.framework in Frameworks */,
				837D4B22171CE22700E8677E /* OpenGLES.framework in Frameworks */,
				D54047A317530F190056196E /* libz.dylib in Frameworks */,
				D54047A117530F050056196E /* libicucore.dylib in Frameworks */,
				D540479F17530EF20056196E /* libc++.dylib in Frameworks */,
				D540479D17530ED20056196E /* ImageIO.framework in Frameworks */,
				D540479B17530EBF0056196E /* GLKit.framework in Frameworks */,
				D540479917530EAF0056196E /* CoreText.framework in Frameworks */,
				D540479717530EA50056196E /* CoreLocation.framework in Frameworks */,
				D540479517530E9D0056196E /* CoreData.framework in Frameworks */,
				837D4B10171CDD1900E8677E /* AVFoundation.framework in Frameworks */,
				83C36D40171CF88B0090F037 /* AddressBook.framework in Frameworks */,
				837D4B1C171CE22700E8677E /* CoreMedia.framework in Frameworks */,
				837D4B1D171CE22700E8677E /* CoreVideo.framework in Frameworks */,
				837D4B1E171CE22700E8677E /* libxml2.dylib in Frameworks */,
				837D4B21171CE22700E8677E /* MobileCoreServices.framework in Frameworks */,
				837D4B1B171CE22700E8677E /* AudioToolbox.framework in Frameworks */,
				837D4B24171CE22700E8677E /* Security.framework in Frameworks */,
				837D2CD0171CDA4500E8677E /* UIKit.framework in Frameworks */,
				837D2CD2171CDA4500E8677E /* Foundation.framework in Frameworks */,
				837D2CD4171CDA4500E8677E /* CoreGraphics.framework in Frameworks */,
				837FC03218503ECF00B7D327 /* libPayPalMobile.a in Frameworks */,
			);
			runOnlyForDeploymentPostprocessing = 0;
		};
		837D2CFC171CDA4500E8677E /* Frameworks */ = {
			isa = PBXFrameworksBuildPhase;
			buildActionMask = 2147483647;
			files = (
				837D2D02171CDA4500E8677E /* SenTestingKit.framework in Frameworks */,
				837D2D03171CDA4500E8677E /* UIKit.framework in Frameworks */,
				837D2D04171CDA4500E8677E /* Foundation.framework in Frameworks */,
			);
			runOnlyForDeploymentPostprocessing = 0;
		};
/* End PBXFrameworksBuildPhase section */

/* Begin PBXGroup section */
		72A046D618C8D6DB00013F72 /* Images */ = {
			isa = PBXGroup;
			children = (
				72A046D718C8D6E600013F72 /* thirst.jpg */,
			);
			name = Images;
			sourceTree = "<group>";
		};
		833EEF3418C6C17900B627B8 /* JBKenBurns */ = {
			isa = PBXGroup;
			children = (
				833EEF3518C6C17900B627B8 /* JBKenBurnsView.h */,
				833EEF3618C6C17900B627B8 /* JBKenBurnsView.m */,
				833EEF3718C6C17900B627B8 /* LICENSE */,
			);
			name = JBKenBurns;
			path = Libs/JBKenBurns;
			sourceTree = "<group>";
		};
		837D2CC3171CDA4500E8677E = {
			isa = PBXGroup;
			children = (
				837FC03318503EE000B7D327 /* Libs */,
				836FC2CC1826C88400577614 /* Media.xcassets */,
				837D2CD5171CDA4500E8677E /* Thirst Project */,
				837D2CCE171CDA4500E8677E /* Frameworks */,
				837D2CCD171CDA4500E8677E /* Products */,
			);
			sourceTree = "<group>";
		};
		837D2CCD171CDA4500E8677E /* Products */ = {
			isa = PBXGroup;
			children = (
				837D2CCC171CDA4500E8677E /* Thirst Project.app */,
				837D2D00171CDA4500E8677E /* Thirst ProjectTests.octest */,
			);
			name = Products;
			sourceTree = "<group>";
		};
		837D2CCE171CDA4500E8677E /* Frameworks */ = {
			isa = PBXGroup;
			children = (
				D54047A417530F8C0056196E /* SystemConfiguration.framework */,
				D54047A217530F190056196E /* libz.dylib */,
				D54047A017530F050056196E /* libicucore.dylib */,
				D540479E17530EF20056196E /* libc++.dylib */,
				D540479C17530ED20056196E /* ImageIO.framework */,
				D540479A17530EBF0056196E /* GLKit.framework */,
				D540479817530EAF0056196E /* CoreText.framework */,
				D540479617530EA50056196E /* CoreLocation.framework */,
				D540479417530E9D0056196E /* CoreData.framework */,
				83C36D3F171CF88B0090F037 /* AddressBook.framework */,
				837D4B11171CE22700E8677E /* AudioToolbox.framework */,
				837D4B0F171CDD1900E8677E /* AVFoundation.framework */,
				837D2CD3171CDA4500E8677E /* CoreGraphics.framework */,
				837D4B12171CE22700E8677E /* CoreMedia.framework */,
				837D4B13171CE22700E8677E /* CoreVideo.framework */,
				837D2CD1171CDA4500E8677E /* Foundation.framework */,
				837D4B14171CE22700E8677E /* libxml2.dylib */,
				837D4B16171CE22700E8677E /* MessageUI.framework */,
				837D4B17171CE22700E8677E /* MobileCoreServices.framework */,
				837D4B18171CE22700E8677E /* OpenGLES.framework */,
				837D4B19171CE22700E8677E /* QuartzCore.framework */,
				837D4B1A171CE22700E8677E /* Security.framework */,
				837D2D01171CDA4500E8677E /* SenTestingKit.framework */,
				837D2CCF171CDA4500E8677E /* UIKit.framework */,
			);
			name = Frameworks;
			sourceTree = "<group>";
		};
		837D2CD5171CDA4500E8677E /* Thirst Project */ = {
			isa = PBXGroup;
			children = (
				72ADA73418CA2BE700B1E25D /* CountryBuilder.h */,
				72ADA73518CA2BE700B1E25D /* CountryBuilder.m */,
				837D2CED171CDA4500E8677E /* AboutViewController.h */,
				837D2CEE171CDA4500E8677E /* AboutViewController.m */,
				837D2CDE171CDA4500E8677E /* AppDelegate.h */,
				837D2CDF171CDA4500E8677E /* AppDelegate.m */,
				836025E318AC5FE100995E22 /* Country.h */,
				836025E418AC5FE100995E22 /* Country.m */,
				72ADA73118C921BE00B1E25D /* CountryViewController.h */,
				72ADA73218C921BE00B1E25D /* CountryViewController.m */,
				72ADA73718CA315B00B1E25D /* WellsViewController.h */,
				72ADA73818CA315B00B1E25D /* WellsViewController.m */,
				3BEFDF8D18ABEBB900118104 /* DeviceUtils.h */,
				3BEFDF8E18ABEBB900118104 /* DeviceUtils.m */,
				83079640176FFEFE00CC7478 /* DonateViewController.h */,
				83079641176FFEFE00CC7478 /* DonateViewController.m */,
				8307963E176FFEFE00CC7478 /* FlipsideViewController.h */,
				8307963F176FFEFE00CC7478 /* FlipsideViewController.m */,
				83D840E9185180650035E05D /* InfoViewController.h */,
				83D840EA185180650035E05D /* InfoViewController.m */,
				833EEF3D18C6CC8A00B627B8 /* KenBurnsAppDelegate.h */,
				833EEF3E18C6CC8A00B627B8 /* KenBurnsAppDelegate.m */,
				837D2CEA171CDA4500E8677E /* MainStoryboard_iPad.storyboard */,
				837D2CE7171CDA4500E8677E /* MainStoryboard_iPhone.storyboard */,
				833EEF3F18C6CC8A00B627B8 /* SlideshowViewController.h */,
				833EEF4018C6CC8A00B627B8 /* SlideshowViewController.m */,
				837D2CD6171CDA4500E8677E /* Supporting Files */,
				3BEFDF9018ABEC9C00118104 /* ThirstProjectConfig.h */,
				3BEFDF9118ABEC9C00118104 /* ThirstProjectConfig.m */,
			);
			path = "Thirst Project";
			sourceTree = "<group>";
		};
		837D2CD6171CDA4500E8677E /* Supporting Files */ = {
			isa = PBXGroup;
			children = (
				72A046D618C8D6DB00013F72 /* Images */,
				837D2CD7171CDA4500E8677E /* Thirst Project-Info.plist */,
				837D2CD8171CDA4500E8677E /* InfoPlist.strings */,
				837D2CDB171CDA4500E8677E /* main.m */,
				837D2CDD171CDA4500E8677E /* Thirst Project-Prefix.pch */,
			);
			name = "Supporting Files";
			sourceTree = "<group>";
		};
		837FC03318503EE000B7D327 /* Libs */ = {
			isa = PBXGroup;
			children = (
				833EEF3418C6C17900B627B8 /* JBKenBurns */,
				837FC03518503EEF00B7D327 /* Reachability */,
				837FC03418503EE500B7D327 /* PayPalMobile */,
			);
			name = Libs;
			sourceTree = "<group>";
		};
		837FC03418503EE500B7D327 /* PayPalMobile */ = {
			isa = PBXGroup;
			children = (
				837FC02E18503ECF00B7D327 /* libPayPalMobile.a */,
				837FC02F18503ECF00B7D327 /* PayPalMobile.h */,
				837FC03018503ECF00B7D327 /* PayPalPayment.h */,
				837FC03118503ECF00B7D327 /* PayPalPaymentViewController.h */,
			);
			name = PayPalMobile;
			sourceTree = "<group>";
		};
		837FC03518503EEF00B7D327 /* Reachability */ = {
			isa = PBXGroup;
			children = (
				837FC03618503EFC00B7D327 /* Reachability.h */,
				837FC03718503EFC00B7D327 /* Reachability.m */,
			);
			name = Reachability;
			sourceTree = "<group>";
		};
/* End PBXGroup section */

/* Begin PBXNativeTarget section */
		837D2CCB171CDA4500E8677E /* Thirst Project */ = {
			isa = PBXNativeTarget;
			buildConfigurationList = 837D2D12171CDA4500E8677E /* Build configuration list for PBXNativeTarget "Thirst Project" */;
			buildPhases = (
				837D2CC8171CDA4500E8677E /* Sources */,
				837D2CC9171CDA4500E8677E /* Frameworks */,
				837D2CCA171CDA4500E8677E /* Resources */,
			);
			buildRules = (
			);
			dependencies = (
			);
			name = "Thirst Project";
			productName = "Thirst Project";
			productReference = 837D2CCC171CDA4500E8677E /* Thirst Project.app */;
			productType = "com.apple.product-type.application";
		};
		837D2CFF171CDA4500E8677E /* Thirst ProjectTests */ = {
			isa = PBXNativeTarget;
			buildConfigurationList = 837D2D15171CDA4500E8677E /* Build configuration list for PBXNativeTarget "Thirst ProjectTests" */;
			buildPhases = (
				837D2CFB171CDA4500E8677E /* Sources */,
				837D2CFC171CDA4500E8677E /* Frameworks */,
				837D2CFD171CDA4500E8677E /* Resources */,
				837D2CFE171CDA4500E8677E /* ShellScript */,
			);
			buildRules = (
			);
			dependencies = (
				837D2D06171CDA4500E8677E /* PBXTargetDependency */,
			);
			name = "Thirst ProjectTests";
			productName = "Thirst ProjectTests";
			productReference = 837D2D00171CDA4500E8677E /* Thirst ProjectTests.octest */;
			productType = "com.apple.product-type.bundle";
		};
/* End PBXNativeTarget section */

/* Begin PBXProject section */
		837D2CC4171CDA4500E8677E /* Project object */ = {
			isa = PBXProject;
			attributes = {
				LastUpgradeCheck = 0500;
				ORGANIZATIONNAME = "Thirst Project";
				TargetAttributes = {
					837D2CCB171CDA4500E8677E = {
						DevelopmentTeam = M9982KADQN;
					};
				};
			};
			buildConfigurationList = 837D2CC7171CDA4500E8677E /* Build configuration list for PBXProject "Thirst Project" */;
			compatibilityVersion = "Xcode 3.2";
			developmentRegion = English;
			hasScannedForEncodings = 0;
			knownRegions = (
				en,
			);
			mainGroup = 837D2CC3171CDA4500E8677E;
			productRefGroup = 837D2CCD171CDA4500E8677E /* Products */;
			projectDirPath = "";
			projectRoot = "";
			targets = (
				837D2CCB171CDA4500E8677E /* Thirst Project */,
				837D2CFF171CDA4500E8677E /* Thirst ProjectTests */,
			);
		};
/* End PBXProject section */

/* Begin PBXResourcesBuildPhase section */
		837D2CCA171CDA4500E8677E /* Resources */ = {
			isa = PBXResourcesBuildPhase;
			buildActionMask = 2147483647;
			files = (
				836FC2D11826ECF400577614 /* Media.xcassets in Resources */,
				837D2CDA171CDA4500E8677E /* InfoPlist.strings in Resources */,
				837D2CE9171CDA4500E8677E /* MainStoryboard_iPhone.storyboard in Resources */,
				72A046D818C8D6E600013F72 /* thirst.jpg in Resources */,
				837D2CEC171CDA4500E8677E /* MainStoryboard_iPad.storyboard in Resources */,
				833EEF3918C6C17900B627B8 /* LICENSE in Resources */,
			);
			runOnlyForDeploymentPostprocessing = 0;
		};
		837D2CFD171CDA4500E8677E /* Resources */ = {
			isa = PBXResourcesBuildPhase;
			buildActionMask = 2147483647;
			files = (
			);
			runOnlyForDeploymentPostprocessing = 0;
		};
/* End PBXResourcesBuildPhase section */

/* Begin PBXShellScriptBuildPhase section */
		837D2CFE171CDA4500E8677E /* ShellScript */ = {
			isa = PBXShellScriptBuildPhase;
			buildActionMask = 2147483647;
			files = (
			);
			inputPaths = (
			);
			outputPaths = (
			);
			runOnlyForDeploymentPostprocessing = 0;
			shellPath = /bin/sh;
			shellScript = "# Run the unit tests in this test bundle.\n\"${SYSTEM_DEVELOPER_DIR}/Tools/RunUnitTests\"\n";
		};
/* End PBXShellScriptBuildPhase section */

/* Begin PBXSourcesBuildPhase section */
		837D2CC8171CDA4500E8677E /* Sources */ = {
			isa = PBXSourcesBuildPhase;
			buildActionMask = 2147483647;
			files = (
				837D2CDC171CDA4500E8677E /* main.m in Sources */,
				3BEFDF8F18ABEBB900118104 /* DeviceUtils.m in Sources */,
				83D840EB185180650035E05D /* InfoViewController.m in Sources */,
				833EEF4218C6CC8A00B627B8 /* SlideshowViewController.m in Sources */,
				3BEFDF9218ABEC9C00118104 /* ThirstProjectConfig.m in Sources */,
				837FC03818503EFC00B7D327 /* Reachability.m in Sources */,
				72ADA73918CA315B00B1E25D /* WellsViewController.m in Sources */,
				837D2CE0171CDA4500E8677E /* AppDelegate.m in Sources */,
				72ADA73318C921BF00B1E25D /* CountryViewController.m in Sources */,
				833EEF4118C6CC8A00B627B8 /* KenBurnsAppDelegate.m in Sources */,
				837D2CEF171CDA4500E8677E /* AboutViewController.m in Sources */,
				833EEF3818C6C17900B627B8 /* JBKenBurnsView.m in Sources */,
				72ADA73618CA2BE700B1E25D /* CountryBuilder.m in Sources */,
				836025E518AC5FE100995E22 /* Country.m in Sources */,
				83079642176FFEFE00CC7478 /* FlipsideViewController.m in Sources */,
				83079643176FFEFE00CC7478 /* DonateViewController.m in Sources */,
			);
			runOnlyForDeploymentPostprocessing = 0;
		};
		837D2CFB171CDA4500E8677E /* Sources */ = {
			isa = PBXSourcesBuildPhase;
			buildActionMask = 2147483647;
			files = (
			);
			runOnlyForDeploymentPostprocessing = 0;
		};
/* End PBXSourcesBuildPhase section */

/* Begin PBXTargetDependency section */
		837D2D06171CDA4500E8677E /* PBXTargetDependency */ = {
			isa = PBXTargetDependency;
			target = 837D2CCB171CDA4500E8677E /* Thirst Project */;
			targetProxy = 837D2D05171CDA4500E8677E /* PBXContainerItemProxy */;
		};
/* End PBXTargetDependency section */

/* Begin PBXVariantGroup section */
		837D2CD8171CDA4500E8677E /* InfoPlist.strings */ = {
			isa = PBXVariantGroup;
			children = (
				837D2CD9171CDA4500E8677E /* en */,
			);
			name = InfoPlist.strings;
			sourceTree = "<group>";
		};
		837D2CE7171CDA4500E8677E /* MainStoryboard_iPhone.storyboard */ = {
			isa = PBXVariantGroup;
			children = (
				837D2CE8171CDA4500E8677E /* en */,
			);
			name = MainStoryboard_iPhone.storyboard;
			sourceTree = "<group>";
		};
		837D2CEA171CDA4500E8677E /* MainStoryboard_iPad.storyboard */ = {
			isa = PBXVariantGroup;
			children = (
				837D2CEB171CDA4500E8677E /* en */,
			);
			name = MainStoryboard_iPad.storyboard;
			sourceTree = "<group>";
		};
/* End PBXVariantGroup section */

/* Begin XCBuildConfiguration section */
		837D2D10171CDA4500E8677E /* Debug */ = {
			isa = XCBuildConfiguration;
			buildSettings = {
				ALWAYS_SEARCH_USER_PATHS = NO;
				CLANG_CXX_LANGUAGE_STANDARD = "gnu++0x";
				CLANG_CXX_LIBRARY = "libc++";
				CLANG_ENABLE_OBJC_ARC = YES;
				CLANG_WARN_CONSTANT_CONVERSION = YES;
				CLANG_WARN_EMPTY_BODY = YES;
				CLANG_WARN_ENUM_CONVERSION = YES;
				CLANG_WARN_INT_CONVERSION = YES;
				CLANG_WARN__DUPLICATE_METHOD_MATCH = YES;
				"CODE_SIGN_IDENTITY[sdk=iphoneos*]" = "iPhone Developer";
				COPY_PHASE_STRIP = NO;
				GCC_C_LANGUAGE_STANDARD = gnu99;
				GCC_DYNAMIC_NO_PIC = NO;
				GCC_OPTIMIZATION_LEVEL = 0;
				GCC_PREPROCESSOR_DEFINITIONS = (
					"DEBUG=1",
					"$(inherited)",
				);
				GCC_SYMBOLS_PRIVATE_EXTERN = NO;
				GCC_WARN_ABOUT_RETURN_TYPE = YES;
				GCC_WARN_UNINITIALIZED_AUTOS = YES;
				GCC_WARN_UNUSED_VARIABLE = YES;
				IPHONEOS_DEPLOYMENT_TARGET = 7.0;
				ONLY_ACTIVE_ARCH = YES;
				OTHER_LDFLAGS = (
					"-lstdc++",
					"-ObjC",
				);
				SDKROOT = iphoneos;
				TARGETED_DEVICE_FAMILY = "1,2";
			};
			name = Debug;
		};
		837D2D11171CDA4500E8677E /* Release */ = {
			isa = XCBuildConfiguration;
			buildSettings = {
				ALWAYS_SEARCH_USER_PATHS = NO;
				CLANG_CXX_LANGUAGE_STANDARD = "gnu++0x";
				CLANG_CXX_LIBRARY = "libc++";
				CLANG_ENABLE_OBJC_ARC = YES;
				CLANG_WARN_CONSTANT_CONVERSION = YES;
				CLANG_WARN_EMPTY_BODY = YES;
				CLANG_WARN_ENUM_CONVERSION = YES;
				CLANG_WARN_INT_CONVERSION = YES;
				CLANG_WARN__DUPLICATE_METHOD_MATCH = YES;
				"CODE_SIGN_IDENTITY[sdk=iphoneos*]" = "iPhone Developer";
				COPY_PHASE_STRIP = YES;
				GCC_C_LANGUAGE_STANDARD = gnu99;
				GCC_WARN_ABOUT_RETURN_TYPE = YES;
				GCC_WARN_UNINITIALIZED_AUTOS = YES;
				GCC_WARN_UNUSED_VARIABLE = YES;
				IPHONEOS_DEPLOYMENT_TARGET = 7.0;
				OTHER_CFLAGS = "-DNS_BLOCK_ASSERTIONS=1";
				OTHER_LDFLAGS = (
					"-lstdc++",
					"-ObjC",
				);
				SDKROOT = iphoneos;
				TARGETED_DEVICE_FAMILY = "1,2";
				VALIDATE_PRODUCT = YES;
			};
			name = Release;
		};
		837D2D13171CDA4500E8677E /* Debug */ = {
			isa = XCBuildConfiguration;
			buildSettings = {
				ASSETCATALOG_COMPILER_APPICON_NAME = AppIcon;
				ASSETCATALOG_COMPILER_LAUNCHIMAGE_NAME = LaunchImage;
				CODE_SIGN_IDENTITY = "iPhone Developer";
				"CODE_SIGN_IDENTITY[sdk=iphoneos*]" = "iPhone Developer";
				FRAMEWORK_SEARCH_PATHS = (
					"$(inherited)",
					"\"$(SRCROOT)\"",
				);
				GCC_PRECOMPILE_PREFIX_HEADER = YES;
				GCC_PREFIX_HEADER = "Thirst Project/Thirst Project-Prefix.pch";
				INFOPLIST_FILE = "Thirst Project/Thirst Project-Info.plist";
				LIBRARY_SEARCH_PATHS = (
					"$(inherited)",
					"$(SRCROOT)/Libs/PayPalMobile",
				);
				PRODUCT_NAME = "$(TARGET_NAME)";
				PROVISIONING_PROFILE = "";
				WRAPPER_EXTENSION = app;
			};
			name = Debug;
		};
		837D2D14171CDA4500E8677E /* Release */ = {
			isa = XCBuildConfiguration;
			buildSettings = {
				ASSETCATALOG_COMPILER_APPICON_NAME = AppIcon;
				ASSETCATALOG_COMPILER_LAUNCHIMAGE_NAME = LaunchImage;
				CODE_SIGN_IDENTITY = "iPhone Developer";
				"CODE_SIGN_IDENTITY[sdk=iphoneos*]" = "iPhone Developer";
				FRAMEWORK_SEARCH_PATHS = (
					"$(inherited)",
					"\"$(SRCROOT)\"",
				);
				GCC_PRECOMPILE_PREFIX_HEADER = YES;
				GCC_PREFIX_HEADER = "Thirst Project/Thirst Project-Prefix.pch";
				INFOPLIST_FILE = "Thirst Project/Thirst Project-Info.plist";
				LIBRARY_SEARCH_PATHS = (
					"$(inherited)",
					"$(SRCROOT)/Libs/PayPalMobile",
				);
				ONLY_ACTIVE_ARCH = NO;
				PRODUCT_NAME = "$(TARGET_NAME)";
				PROVISIONING_PROFILE = "";
				WRAPPER_EXTENSION = app;
			};
			name = Release;
		};
		837D2D16171CDA4500E8677E /* Debug */ = {
			isa = XCBuildConfiguration;
			buildSettings = {
				BUNDLE_LOADER = "$(BUILT_PRODUCTS_DIR)/Thirst Project.app/Thirst Project";
				FRAMEWORK_SEARCH_PATHS = (
					"\"$(SDKROOT)/Developer/Library/Frameworks\"",
					"\"$(DEVELOPER_LIBRARY_DIR)/Frameworks\"",
				);
				GCC_PRECOMPILE_PREFIX_HEADER = YES;
				GCC_PREFIX_HEADER = "Thirst Project/Thirst Project-Prefix.pch";
				INFOPLIST_FILE = "Thirst ProjectTests/Thirst ProjectTests-Info.plist";
				PRODUCT_NAME = "$(TARGET_NAME)";
				TEST_HOST = "$(BUNDLE_LOADER)";
				WRAPPER_EXTENSION = octest;
			};
			name = Debug;
		};
		837D2D17171CDA4500E8677E /* Release */ = {
			isa = XCBuildConfiguration;
			buildSettings = {
				BUNDLE_LOADER = "$(BUILT_PRODUCTS_DIR)/Thirst Project.app/Thirst Project";
				FRAMEWORK_SEARCH_PATHS = (
					"\"$(SDKROOT)/Developer/Library/Frameworks\"",
					"\"$(DEVELOPER_LIBRARY_DIR)/Frameworks\"",
				);
				GCC_PRECOMPILE_PREFIX_HEADER = YES;
				GCC_PREFIX_HEADER = "Thirst Project/Thirst Project-Prefix.pch";
				INFOPLIST_FILE = "Thirst ProjectTests/Thirst ProjectTests-Info.plist";
				PRODUCT_NAME = "$(TARGET_NAME)";
				TEST_HOST = "$(BUNDLE_LOADER)";
				WRAPPER_EXTENSION = octest;
			};
			name = Release;
		};
/* End XCBuildConfiguration section */

/* Begin XCConfigurationList section */
		837D2CC7171CDA4500E8677E /* Build configuration list for PBXProject "Thirst Project" */ = {
			isa = XCConfigurationList;
			buildConfigurations = (
				837D2D10171CDA4500E8677E /* Debug */,
				837D2D11171CDA4500E8677E /* Release */,
			);
			defaultConfigurationIsVisible = 0;
			defaultConfigurationName = Release;
		};
		837D2D12171CDA4500E8677E /* Build configuration list for PBXNativeTarget "Thirst Project" */ = {
			isa = XCConfigurationList;
			buildConfigurations = (
				837D2D13171CDA4500E8677E /* Debug */,
				837D2D14171CDA4500E8677E /* Release */,
			);
			defaultConfigurationIsVisible = 0;
			defaultConfigurationName = Release;
		};
		837D2D15171CDA4500E8677E /* Build configuration list for PBXNativeTarget "Thirst ProjectTests" */ = {
			isa = XCConfigurationList;
			buildConfigurations = (
				837D2D16171CDA4500E8677E /* Debug */,
				837D2D17171CDA4500E8677E /* Release */,
			);
			defaultConfigurationIsVisible = 0;
			defaultConfigurationName = Release;
		};
/* End XCConfigurationList section */
	};
	rootObject = 837D2CC4171CDA4500E8677E /* Project object */;
}
